
Microsoft Visual Studio Solution File, Format Version 12.00
# Visual Studio Version 17
VisualStudioVersion = 17.0.31919.166
MinimumVisualStudioVersion = 10.0.40219.1
Project("{FAE04EC0-301F-11D3-BF4B-00C04F79EFBC}") = "WeatherReports", "WeatherReports\WeatherReports.csproj", "{64D2E8CC-C134-4FFB-BD31-803425114363}"
EndProject
Project("{FAE04EC0-301F-11D3-BF4B-00C04F79EFBC}") = "WeatherReports.DAL", "WeatherReports.DAL\WeatherReports.DAL.csproj", "{9A09BF98-CF85-443A-A7F0-9FBD1BF5ADD8}"
EndProject
Project("{FAE04EC0-301F-11D3-BF4B-00C04F79EFBC}") = "WeatherReports.Domain", "WeatherReports.Domain\WeatherReports.Domain.csproj", "{DF203880-5890-4E37-AAB9-D62DABEF5115}"
EndProject
Global
	GlobalSection(SolutionConfigurationPlatforms) = preSolution
		Debug|Any CPU = Debug|Any CPU
		Release|Any CPU = Release|Any CPU
	EndGlobalSection
	GlobalSection(ProjectConfigurationPlatforms) = postSolution
		{64D2E8CC-C134-4FFB-BD31-803425114363}.Debug|Any CPU.ActiveCfg = Debug|Any CPU
		{64D2E8CC-C134-4FFB-BD31-803425114363}.Debug|Any CPU.Build.0 = Debug|Any CPU
		{64D2E8CC-C134-4FFB-BD31-803425114363}.Release|Any CPU.ActiveCfg = Release|Any CPU
		{64D2E8CC-C134-4FFB-BD31-803425114363}.Release|Any CPU.Build.0 = Release|Any CPU
		{9A09BF98-CF85-443A-A7F0-9FBD1BF5ADD8}.Debug|Any CPU.ActiveCfg = Debug|Any CPU
		{9A09BF98-CF85-443A-A7F0-9FBD1BF5ADD8}.Debug|Any CPU.Build.0 = Debug|Any CPU
		{9A09BF98-CF85-443A-A7F0-9FBD1BF5ADD8}.Release|Any CPU.ActiveCfg = Release|Any CPU
		{9A09BF98-CF85-443A-A7F0-9FBD1BF5ADD8}.Release|Any CPU.Build.0 = Release|Any CPU
		{DF203880-5890-4E37-AAB9-D62DABEF5115}.Debug|Any CPU.ActiveCfg = Debug|Any CPU
		{DF203880-5890-4E37-AAB9-D62DABEF5115}.Debug|Any CPU.Build.0 = Debug|Any CPU
		{DF203880-5890-4E37-AAB9-D62DABEF5115}.Release|Any CPU.ActiveCfg = Release|Any CPU
		{DF203880-5890-4E37-AAB9-D62DABEF5115}.Release|Any CPU.Build.0 = Release|Any CPU
	EndGlobalSection
	GlobalSection(SolutionProperties) = preSolution
		HideSolutionNode = FALSE
	EndGlobalSection
	GlobalSection(ExtensibilityGlobals) = postSolution
		SolutionGuid = {A28514EF-1AE3-4F5B-8C10-ED9BD605CABA}
	EndGlobalSection
EndGlobal
